
Microsoft Visual Studio Solution File, Format Version 12.00
# Visual Studio 14
VisualStudioVersion = 14.0.23107.0
MinimumVisualStudioVersion = 10.0.40219.1
Project("{FAE04EC0-301F-11D3-BF4B-00C04F79EFBC}") = "ConsoleApplication1", "ConsoleApplication1\ConsoleApplication1.csproj", "{DBEF3B8E-1E57-4D4A-ACD2-BC162BE78719}"
EndProject
Project("{2150E333-8FDC-42A3-9474-1A3956D46DE8}") = "Solution Items", "Solution Items", "{260C150D-1E56-458E-9521-F2BBE5A8173B}"
EndProject
Global
	GlobalSection(SolutionConfigurationPlatforms) = preSolution
		Debug|Any CPU = Debug|Any CPU
		Release|Any CPU = Release|Any CPU
	EndGlobalSection
	GlobalSection(ProjectConfigurationPlatforms) = postSolution
		{DBEF3B8E-1E57-4D4A-ACD2-BC162BE78719}.Debug|Any CPU.ActiveCfg = Debug|Any CPU
		{DBEF3B8E-1E57-4D4A-ACD2-BC162BE78719}.Debug|Any CPU.Build.0 = Debug|Any CPU
		{DBEF3B8E-1E57-4D4A-ACD2-BC162BE78719}.Release|Any CPU.ActiveCfg = Release|Any CPU
		{DBEF3B8E-1E57-4D4A-ACD2-BC162BE78719}.Release|Any CPU.Build.0 = Release|Any CPU
	EndGlobalSection
	GlobalSection(SolutionProperties) = preSolution
		HideSolutionNode = FALSE
	EndGlobalSection
EndGlobal
